
Microsoft Visual Studio Solution File, Format Version 12.00
# Visual Studio Version 17
VisualStudioVersion = 17.8.34330.188
MinimumVisualStudioVersion = 10.0.40219.1
Project("{FAE04EC0-301F-11D3-BF4B-00C04F79EFBC}") = "WebApplication1", "WebApplication1\WebApplication1.csproj", "{1293F07D-9961-4E0F-8696-A884D3CC9DB7}"
EndProject
Project("{FAE04EC0-301F-11D3-BF4B-00C04F79EFBC}") = "BussinessLayer", "..\..\BussinessLayer\BussinessLayer.csproj", "{4916C538-E7E8-4E1E-89FD-7FB930372062}"
EndProject
Project("{FAE04EC0-301F-11D3-BF4B-00C04F79EFBC}") = "DatabaseLayer", "..\..\DatabaseLayer\DatabaseLayer.csproj", "{771375EC-9BAE-46A7-8AF1-3BF2F3444279}"
EndProject
Global
	GlobalSection(SolutionConfigurationPlatforms) = preSolution
		Debug|Any CPU = Debug|Any CPU
		Release|Any CPU = Release|Any CPU
	EndGlobalSection
	GlobalSection(ProjectConfigurationPlatforms) = postSolution
		{1293F07D-9961-4E0F-8696-A884D3CC9DB7}.Debug|Any CPU.ActiveCfg = Debug|Any CPU
		{1293F07D-9961-4E0F-8696-A884D3CC9DB7}.Debug|Any CPU.Build.0 = Debug|Any CPU
		{1293F07D-9961-4E0F-8696-A884D3CC9DB7}.Release|Any CPU.ActiveCfg = Release|Any CPU
		{1293F07D-9961-4E0F-8696-A884D3CC9DB7}.Release|Any CPU.Build.0 = Release|Any CPU
		{4916C538-E7E8-4E1E-89FD-7FB930372062}.Debug|Any CPU.ActiveCfg = Debug|Any CPU
		{4916C538-E7E8-4E1E-89FD-7FB930372062}.Debug|Any CPU.Build.0 = Debug|Any CPU
		{4916C538-E7E8-4E1E-89FD-7FB930372062}.Release|Any CPU.ActiveCfg = Release|Any CPU
		{4916C538-E7E8-4E1E-89FD-7FB930372062}.Release|Any CPU.Build.0 = Release|Any CPU
		{771375EC-9BAE-46A7-8AF1-3BF2F3444279}.Debug|Any CPU.ActiveCfg = Debug|Any CPU
		{771375EC-9BAE-46A7-8AF1-3BF2F3444279}.Debug|Any CPU.Build.0 = Debug|Any CPU
		{771375EC-9BAE-46A7-8AF1-3BF2F3444279}.Release|Any CPU.ActiveCfg = Release|Any CPU
		{771375EC-9BAE-46A7-8AF1-3BF2F3444279}.Release|Any CPU.Build.0 = Release|Any CPU
	EndGlobalSection
	GlobalSection(SolutionProperties) = preSolution
		HideSolutionNode = FALSE
	EndGlobalSection
	GlobalSection(ExtensibilityGlobals) = postSolution
		SolutionGuid = {82E82D8D-E46B-4F75-941B-90BE4BCABB77}
	EndGlobalSection
EndGlobal
